
Microsoft Visual Studio Solution File, Format Version 12.00
# Visual Studio Version 17
VisualStudioVersion = 17.14.36221.1 d17.14
MinimumVisualStudioVersion = 10.0.40219.1
Project("{FAE04EC0-301F-11D3-BF4B-00C04F79EFBC}") = "ModulOneExam", "ModulOneExam\ModulOneExam.csproj", "{3ADC29A1-6138-43E9-B3E7-5259D5FB85CC}"
EndProject
Global
	GlobalSection(SolutionConfigurationPlatforms) = preSolution
		Debug|Any CPU = Debug|Any CPU
		Release|Any CPU = Release|Any CPU
	EndGlobalSection
	GlobalSection(ProjectConfigurationPlatforms) = postSolution
		{3ADC29A1-6138-43E9-B3E7-5259D5FB85CC}.Debug|Any CPU.ActiveCfg = Debug|Any CPU
		{3ADC29A1-6138-43E9-B3E7-5259D5FB85CC}.Debug|Any CPU.Build.0 = Debug|Any CPU
		{3ADC29A1-6138-43E9-B3E7-5259D5FB85CC}.Release|Any CPU.ActiveCfg = Release|Any CPU
		{3ADC29A1-6138-43E9-B3E7-5259D5FB85CC}.Release|Any CPU.Build.0 = Release|Any CPU
	EndGlobalSection
	GlobalSection(SolutionProperties) = preSolution
		HideSolutionNode = FALSE
	EndGlobalSection
	GlobalSection(ExtensibilityGlobals) = postSolution
		SolutionGuid = {B89DC8A8-0673-4A96-9F1F-95DB3E3A1572}
	EndGlobalSection
EndGlobal
