
Microsoft Visual Studio Solution File, Format Version 12.00
# Visual Studio Version 17
VisualStudioVersion = 17.14.36221.1 d17.14
MinimumVisualStudioVersion = 10.0.40219.1
Project("{FAE04EC0-301F-11D3-BF4B-00C04F79EFBC}") = "Dars3", "Dars3\Dars3.csproj", "{224094E8-1688-40A0-914F-D509EE0808B0}"
EndProject
Global
	GlobalSection(SolutionConfigurationPlatforms) = preSolution
		Debug|Any CPU = Debug|Any CPU
		Release|Any CPU = Release|Any CPU
	EndGlobalSection
	GlobalSection(ProjectConfigurationPlatforms) = postSolution
		{224094E8-1688-40A0-914F-D509EE0808B0}.Debug|Any CPU.ActiveCfg = Debug|Any CPU
		{224094E8-1688-40A0-914F-D509EE0808B0}.Debug|Any CPU.Build.0 = Debug|Any CPU
		{224094E8-1688-40A0-914F-D509EE0808B0}.Release|Any CPU.ActiveCfg = Release|Any CPU
		{224094E8-1688-40A0-914F-D509EE0808B0}.Release|Any CPU.Build.0 = Release|Any CPU
	EndGlobalSection
	GlobalSection(SolutionProperties) = preSolution
		HideSolutionNode = FALSE
	EndGlobalSection
	GlobalSection(ExtensibilityGlobals) = postSolution
		SolutionGuid = {35934285-09B5-4987-AC70-2BBED911F6DC}
	EndGlobalSection
EndGlobal
